{
  "version": "4",
  "specifiers": {
    "npm:@tauri-apps/cli@2": "2.2.0"
  },
  "npm": {
    "@tauri-apps/cli-darwin-arm64@2.2.0": {
      "integrity": "sha512-Paxq9JUj1uxV/CDr8hNnr88GcjXLmmX1yBcclQldeUoAoSgsXN1eLLS4e0CHXIzYATmcsSbcl6Zgquo4wW4e9w=="
    },
    "@tauri-apps/cli-darwin-x64@2.2.0": {
      "integrity": "sha512-BpIQxYQmg+vyS4Z4hxnAcrR95Kn2cnQbkA37NZDW0x7nnx+IFTNremU0cxATJQ3vk1PPVi3PQgrnAX5HE5aXKA=="
    },
    "@tauri-apps/cli-linux-arm-gnueabihf@2.2.0": {
      "integrity": "sha512-JDYwiELRKKOStSA2QKpGiOZL4si+9ZZcwYCh7DRxnk0csM42vIv0bgcG+ucK5A/gltyDyavZgHNToxFGXaLKXA=="
    },
    "@tauri-apps/cli-linux-arm64-gnu@2.2.0": {
      "integrity": "sha512-ITpT44YDMrg3l0ZQMTeFjj+mRzjCZAGyD3GuJ414aL5X1GWO2CHMdAHYQT9gYtH2OHlixaWq9nRJXDL7W9998w=="
    },
    "@tauri-apps/cli-linux-arm64-musl@2.2.0": {
      "integrity": "sha512-sj/NR2O99XeatAh4UgM4MltNipoi4A8ZbMhTb1/FaGEvs/ZVrushIX69hFIyxcHu8Nbe/OkZb5b+N80A/V30jA=="
    },
    "@tauri-apps/cli-linux-x64-gnu@2.2.0": {
      "integrity": "sha512-mwX7EzQLKbHZ/VzSksiOLS0uqJUVDqY58cqCj2puiGaPVgCE7bxbKcO6P3PmqYX9P8XWR2K8t922k7K44dScqA=="
    },
    "@tauri-apps/cli-linux-x64-musl@2.2.0": {
      "integrity": "sha512-9C8lVjVJPEjMZaOQdKA5SZV1NpjLP690Y9GodRMum5cIDE3T1AVrp9w6vjrsciQN42agTsO8UaREppF6OjxYnA=="
    },
    "@tauri-apps/cli-win32-arm64-msvc@2.2.0": {
      "integrity": "sha512-lbXYsLlvyanx1S/VSiylc6fMsDh1wnBpBid4VxscSfSPyyIOPC/p9uJvcEFWR5Caaet6vUwyJ3iKUaT5yqfsUA=="
    },
    "@tauri-apps/cli-win32-ia32-msvc@2.2.0": {
      "integrity": "sha512-nlQ2iRFJTuZw5YelO2HNIsrkcZdqlt7HxdMkHJtCQkFReclpSupjbn6CrupIXHYO8NO6LcoDXiteOYhdWh0fJg=="
    },
    "@tauri-apps/cli-win32-x64-msvc@2.2.0": {
      "integrity": "sha512-MupuZwaJqJv3YsNCGD0H/98S+7106E6HChGoobuPmN87eCniSL/mSsOaa0cVmxdIAwVcSi0fuDzDBRMt8wOhHw=="
    },
    "@tauri-apps/cli@2.2.0": {
      "integrity": "sha512-8sA4LBU4kA73SZcL/mLjXvrpJjDqLFLQymg39FDlf3SVWyzbQxCyHBrokCLhUXLenG4qWVCl91oAImC/s47vzA==",
      "dependencies": [
        "@tauri-apps/cli-darwin-arm64",
        "@tauri-apps/cli-darwin-x64",
        "@tauri-apps/cli-linux-arm-gnueabihf",
        "@tauri-apps/cli-linux-arm64-gnu",
        "@tauri-apps/cli-linux-arm64-musl",
        "@tauri-apps/cli-linux-x64-gnu",
        "@tauri-apps/cli-linux-x64-musl",
        "@tauri-apps/cli-win32-arm64-msvc",
        "@tauri-apps/cli-win32-ia32-msvc",
        "@tauri-apps/cli-win32-x64-msvc"
      ]
    }
  },
  "workspace": {
    "packageJson": {
      "dependencies": [
        "npm:@tauri-apps/cli@2"
      ]
    }
  }
}
